// !$*UTF8*$!
{
	archiveVersion = 1;
	classes = {
	};
	objectVersion = 56;
	objects = {

/* Begin PBXBuildFile section */
		0658B0B02AEFDC0300D7E3A1 /* LoginView.swift in Sources */ = {isa = PBXBuildFile; fileRef = 0658B0AF2AEFDC0300D7E3A1 /* LoginView.swift */; };
		0678CF0C2AD5048C004E4E08 /* AppetizerDetailView.swift in Sources */ = {isa = PBXBuildFile; fileRef = 0678CF0B2AD5048C004E4E08 /* AppetizerDetailView.swift */; };
		0678CF0F2AD5200C004E4E08 /* XDismissButton.swift in Sources */ = {isa = PBXBuildFile; fileRef = 0678CF0E2AD5200C004E4E08 /* XDismissButton.swift */; };
		0678CF112AD52E7C004E4E08 /* APButton.swift in Sources */ = {isa = PBXBuildFile; fileRef = 0678CF102AD52E7C004E4E08 /* APButton.swift */; };
		0678CF132AD5722D004E4E08 /* AccountViewModel.swift in Sources */ = {isa = PBXBuildFile; fileRef = 0678CF122AD5722D004E4E08 /* AccountViewModel.swift */; };
		0678CF152AD57473004E4E08 /* String+Ext.swift in Sources */ = {isa = PBXBuildFile; fileRef = 0678CF142AD57473004E4E08 /* String+Ext.swift */; };
		06CA4C9C2AD6A373001D7706 /* User.swift in Sources */ = {isa = PBXBuildFile; fileRef = 06CA4C9B2AD6A373001D7706 /* User.swift */; };
		06CA4CA12AD6C3F9001D7706 /* EmptyState.swift in Sources */ = {isa = PBXBuildFile; fileRef = 06CA4CA02AD6C3F9001D7706 /* EmptyState.swift */; };
		06CA4CA52AD6C914001D7706 /* Order.swift in Sources */ = {isa = PBXBuildFile; fileRef = 06CA4CA42AD6C914001D7706 /* Order.swift */; };
		06D07FA92ACD853D0014BE7E /* AppetizersApp.swift in Sources */ = {isa = PBXBuildFile; fileRef = 06D07FA82ACD853D0014BE7E /* AppetizersApp.swift */; };
		06D07FAB2ACD853D0014BE7E /* AppetizerTabView.swift in Sources */ = {isa = PBXBuildFile; fileRef = 06D07FAA2ACD853D0014BE7E /* AppetizerTabView.swift */; };
		06D07FAD2ACD85430014BE7E /* Assets.xcassets in Resources */ = {isa = PBXBuildFile; fileRef = 06D07FAC2ACD85430014BE7E /* Assets.xcassets */; };
		06D07FB02ACD85430014BE7E /* Preview Assets.xcassets in Resources */ = {isa = PBXBuildFile; fileRef = 06D07FAF2ACD85430014BE7E /* Preview Assets.xcassets */; };
		06D07FBA2ACD85430014BE7E /* AppetizersTests.swift in Sources */ = {isa = PBXBuildFile; fileRef = 06D07FB92ACD85430014BE7E /* AppetizersTests.swift */; };
		06D07FC42ACD85430014BE7E /* AppetizersUITests.swift in Sources */ = {isa = PBXBuildFile; fileRef = 06D07FC32ACD85430014BE7E /* AppetizersUITests.swift */; };
		06D07FC62ACD85430014BE7E /* AppetizersUITestsLaunchTests.swift in Sources */ = {isa = PBXBuildFile; fileRef = 06D07FC52ACD85430014BE7E /* AppetizersUITestsLaunchTests.swift */; };
		06D07FD32ACD86880014BE7E /* AppetizerListView.swift in Sources */ = {isa = PBXBuildFile; fileRef = 06D07FD22ACD86880014BE7E /* AppetizerListView.swift */; };
		06D07FD52ACD86AD0014BE7E /* AccountView.swift in Sources */ = {isa = PBXBuildFile; fileRef = 06D07FD42ACD86AD0014BE7E /* AccountView.swift */; };
		06D07FD72ACD86BE0014BE7E /* OrderView.swift in Sources */ = {isa = PBXBuildFile; fileRef = 06D07FD62ACD86BE0014BE7E /* OrderView.swift */; };
		06D656722AEFF11700B363E6 /* Lottie in Frameworks */ = {isa = PBXBuildFile; productRef = 06D656712AEFF11700B363E6 /* Lottie */; };
		06D656742AEFF1C300B363E6 /* LottieView.swift in Sources */ = {isa = PBXBuildFile; fileRef = 06D656732AEFF1C200B363E6 /* LottieView.swift */; };
		06D656762AEFF4FB00B363E6 /* circleAvatar.json in Resources */ = {isa = PBXBuildFile; fileRef = 06D656752AEFF4FB00B363E6 /* circleAvatar.json */; };
		06D656772AEFF4FB00B363E6 /* circleAvatar.json in Resources */ = {isa = PBXBuildFile; fileRef = 06D656752AEFF4FB00B363E6 /* circleAvatar.json */; };
		06D656782AEFF4FB00B363E6 /* circleAvatar.json in Resources */ = {isa = PBXBuildFile; fileRef = 06D656752AEFF4FB00B363E6 /* circleAvatar.json */; };
		06DA238E2AD41BE300A79E76 /* AppetizerModel.swift in Sources */ = {isa = PBXBuildFile; fileRef = 06DA238D2AD41BE300A79E76 /* AppetizerModel.swift */; };
		06DA23902AD424CC00A79E76 /* AppetizersListCell.swift in Sources */ = {isa = PBXBuildFile; fileRef = 06DA238F2AD424CC00A79E76 /* AppetizersListCell.swift */; };
		06DA23922AD43EF300A79E76 /* NetworkManager.swift in Sources */ = {isa = PBXBuildFile; fileRef = 06DA23912AD43EF300A79E76 /* NetworkManager.swift */; };
		06DA23942AD43FE500A79E76 /* APError.swift in Sources */ = {isa = PBXBuildFile; fileRef = 06DA23932AD43FE500A79E76 /* APError.swift */; };
		06DA23962AD445CA00A79E76 /* AppetizerListViewModel.swift in Sources */ = {isa = PBXBuildFile; fileRef = 06DA23952AD445CA00A79E76 /* AppetizerListViewModel.swift */; };
		06DA23992AD4482200A79E76 /* Alert.swift in Sources */ = {isa = PBXBuildFile; fileRef = 06DA23982AD4482200A79E76 /* Alert.swift */; };
		06DA239B2AD44C8600A79E76 /* Color+Ext.swift in Sources */ = {isa = PBXBuildFile; fileRef = 06DA239A2AD44C8600A79E76 /* Color+Ext.swift */; };
		06DA239D2AD44CCB00A79E76 /* LoadingView.swift in Sources */ = {isa = PBXBuildFile; fileRef = 06DA239C2AD44CCB00A79E76 /* LoadingView.swift */; };
		06DA239F2AD46DCB00A79E76 /* RemoteImage.swift in Sources */ = {isa = PBXBuildFile; fileRef = 06DA239E2AD46DCB00A79E76 /* RemoteImage.swift */; };
/* End PBXBuildFile section */

/* Begin PBXContainerItemProxy section */
		06D07FB62ACD85430014BE7E /* PBXContainerItemProxy */ = {
			isa = PBXContainerItemProxy;
			containerPortal = 06D07F9D2ACD853D0014BE7E /* Project object */;
			proxyType = 1;
			remoteGlobalIDString = 06D07FA42ACD853D0014BE7E;
			remoteInfo = Appetizers;
		};
		06D07FC02ACD85430014BE7E /* PBXContainerItemProxy */ = {
			isa = PBXContainerItemProxy;
			containerPortal = 06D07F9D2ACD853D0014BE7E /* Project object */;
			proxyType = 1;
			remoteGlobalIDString = 06D07FA42ACD853D0014BE7E;
			remoteInfo = Appetizers;
		};
/* End PBXContainerItemProxy section */

/* Begin PBXFileReference section */
		0658B0AF2AEFDC0300D7E3A1 /* LoginView.swift */ = {isa = PBXFileReference; lastKnownFileType = sourcecode.swift; path = LoginView.swift; sourceTree = "<group>"; };
		0678CF0B2AD5048C004E4E08 /* AppetizerDetailView.swift */ = {isa = PBXFileReference; lastKnownFileType = sourcecode.swift; path = AppetizerDetailView.swift; sourceTree = "<group>"; };
		0678CF0E2AD5200C004E4E08 /* XDismissButton.swift */ = {isa = PBXFileReference; lastKnownFileType = sourcecode.swift; path = XDismissButton.swift; sourceTree = "<group>"; };
		0678CF102AD52E7C004E4E08 /* APButton.swift */ = {isa = PBXFileReference; lastKnownFileType = sourcecode.swift; path = APButton.swift; sourceTree = "<group>"; };
		0678CF122AD5722D004E4E08 /* AccountViewModel.swift */ = {isa = PBXFileReference; lastKnownFileType = sourcecode.swift; path = AccountViewModel.swift; sourceTree = "<group>"; };
		0678CF142AD57473004E4E08 /* String+Ext.swift */ = {isa = PBXFileReference; lastKnownFileType = sourcecode.swift; path = "String+Ext.swift"; sourceTree = "<group>"; };
		06CA4C9B2AD6A373001D7706 /* User.swift */ = {isa = PBXFileReference; lastKnownFileType = sourcecode.swift; path = User.swift; sourceTree = "<group>"; };
		06CA4CA02AD6C3F9001D7706 /* EmptyState.swift */ = {isa = PBXFileReference; lastKnownFileType = sourcecode.swift; name = EmptyState.swift; path = ../../Screens/OrderView/EmptyState.swift; sourceTree = "<group>"; };
		06CA4CA42AD6C914001D7706 /* Order.swift */ = {isa = PBXFileReference; lastKnownFileType = sourcecode.swift; path = Order.swift; sourceTree = "<group>"; };
		06D07FA52ACD853D0014BE7E /* Appetizers.app */ = {isa = PBXFileReference; explicitFileType = wrapper.application; includeInIndex = 0; path = Appetizers.app; sourceTree = BUILT_PRODUCTS_DIR; };
		06D07FA82ACD853D0014BE7E /* AppetizersApp.swift */ = {isa = PBXFileReference; lastKnownFileType = sourcecode.swift; path = AppetizersApp.swift; sourceTree = "<group>"; };
		06D07FAA2ACD853D0014BE7E /* AppetizerTabView.swift */ = {isa = PBXFileReference; lastKnownFileType = sourcecode.swift; path = AppetizerTabView.swift; sourceTree = "<group>"; };
		06D07FAC2ACD85430014BE7E /* Assets.xcassets */ = {isa = PBXFileReference; lastKnownFileType = folder.assetcatalog; path = Assets.xcassets; sourceTree = "<group>"; };
		06D07FAF2ACD85430014BE7E /* Preview Assets.xcassets */ = {isa = PBXFileReference; lastKnownFileType = folder.assetcatalog; path = "Preview Assets.xcassets"; sourceTree = "<group>"; };
		06D07FB52ACD85430014BE7E /* AppetizersTests.xctest */ = {isa = PBXFileReference; explicitFileType = wrapper.cfbundle; includeInIndex = 0; path = AppetizersTests.xctest; sourceTree = BUILT_PRODUCTS_DIR; };
		06D07FB92ACD85430014BE7E /* AppetizersTests.swift */ = {isa = PBXFileReference; lastKnownFileType = sourcecode.swift; path = AppetizersTests.swift; sourceTree = "<group>"; };
		06D07FBF2ACD85430014BE7E /* AppetizersUITests.xctest */ = {isa = PBXFileReference; explicitFileType = wrapper.cfbundle; includeInIndex = 0; path = AppetizersUITests.xctest; sourceTree = BUILT_PRODUCTS_DIR; };
		06D07FC32ACD85430014BE7E /* AppetizersUITests.swift */ = {isa = PBXFileReference; lastKnownFileType = sourcecode.swift; path = AppetizersUITests.swift; sourceTree = "<group>"; };
		06D07FC52ACD85430014BE7E /* AppetizersUITestsLaunchTests.swift */ = {isa = PBXFileReference; lastKnownFileType = sourcecode.swift; path = AppetizersUITestsLaunchTests.swift; sourceTree = "<group>"; };
		06D07FD22ACD86880014BE7E /* AppetizerListView.swift */ = {isa = PBXFileReference; lastKnownFileType = sourcecode.swift; path = AppetizerListView.swift; sourceTree = "<group>"; };
		06D07FD42ACD86AD0014BE7E /* AccountView.swift */ = {isa = PBXFileReference; lastKnownFileType = sourcecode.swift; path = AccountView.swift; sourceTree = "<group>"; };
		06D07FD62ACD86BE0014BE7E /* OrderView.swift */ = {isa = PBXFileReference; lastKnownFileType = sourcecode.swift; path = OrderView.swift; sourceTree = "<group>"; };
		06D656732AEFF1C200B363E6 /* LottieView.swift */ = {isa = PBXFileReference; lastKnownFileType = sourcecode.swift; path = LottieView.swift; sourceTree = "<group>"; };
		06D656752AEFF4FB00B363E6 /* circleAvatar.json */ = {isa = PBXFileReference; fileEncoding = 4; lastKnownFileType = text.json; path = circleAvatar.json; sourceTree = "<group>"; };
		06DA238D2AD41BE300A79E76 /* AppetizerModel.swift */ = {isa = PBXFileReference; lastKnownFileType = sourcecode.swift; path = AppetizerModel.swift; sourceTree = "<group>"; };
		06DA238F2AD424CC00A79E76 /* AppetizersListCell.swift */ = {isa = PBXFileReference; lastKnownFileType = sourcecode.swift; path = AppetizersListCell.swift; sourceTree = "<group>"; };
		06DA23912AD43EF300A79E76 /* NetworkManager.swift */ = {isa = PBXFileReference; lastKnownFileType = sourcecode.swift; path = NetworkManager.swift; sourceTree = "<group>"; };
		06DA23932AD43FE500A79E76 /* APError.swift */ = {isa = PBXFileReference; lastKnownFileType = sourcecode.swift; path = APError.swift; sourceTree = "<group>"; };
		06DA23952AD445CA00A79E76 /* AppetizerListViewModel.swift */ = {isa = PBXFileReference; lastKnownFileType = sourcecode.swift; path = AppetizerListViewModel.swift; sourceTree = "<group>"; };
		06DA23982AD4482200A79E76 /* Alert.swift */ = {isa = PBXFileReference; lastKnownFileType = sourcecode.swift; path = Alert.swift; sourceTree = "<group>"; };
		06DA239A2AD44C8600A79E76 /* Color+Ext.swift */ = {isa = PBXFileReference; lastKnownFileType = sourcecode.swift; path = "Color+Ext.swift"; sourceTree = "<group>"; };
		06DA239C2AD44CCB00A79E76 /* LoadingView.swift */ = {isa = PBXFileReference; lastKnownFileType = sourcecode.swift; path = LoadingView.swift; sourceTree = "<group>"; };
		06DA239E2AD46DCB00A79E76 /* RemoteImage.swift */ = {isa = PBXFileReference; lastKnownFileType = sourcecode.swift; path = RemoteImage.swift; sourceTree = "<group>"; };
/* End PBXFileReference section */

/* Begin PBXFrameworksBuildPhase section */
		06D07FA22ACD853D0014BE7E /* Frameworks */ = {
			isa = PBXFrameworksBuildPhase;
			buildActionMask = 2147483647;
			files = (
				06D656722AEFF11700B363E6 /* Lottie in Frameworks */,
			);
			runOnlyForDeploymentPostprocessing = 0;
		};
		06D07FB22ACD85430014BE7E /* Frameworks */ = {
			isa = PBXFrameworksBuildPhase;
			buildActionMask = 2147483647;
			files = (
			);
			runOnlyForDeploymentPostprocessing = 0;
		};
		06D07FBC2ACD85430014BE7E /* Frameworks */ = {
			isa = PBXFrameworksBuildPhase;
			buildActionMask = 2147483647;
			files = (
			);
			runOnlyForDeploymentPostprocessing = 0;
		};
/* End PBXFrameworksBuildPhase section */

/* Begin PBXGroup section */
		0658B0AE2AEFDBF000D7E3A1 /* LoginView */ = {
			isa = PBXGroup;
			children = (
				0658B0AF2AEFDC0300D7E3A1 /* LoginView.swift */,
			);
			path = LoginView;
			sourceTree = "<group>";
		};
		0678CEFE2AD5017B004E4E08 /* Screens */ = {
			isa = PBXGroup;
			children = (
				0658B0AE2AEFDBF000D7E3A1 /* LoginView */,
				06D07FAA2ACD853D0014BE7E /* AppetizerTabView.swift */,
				0678CF012AD501B1004E4E08 /* OrderView */,
				0678CF002AD501A6004E4E08 /* AccountView */,
				0678CEFF2AD5019C004E4E08 /* AppetizerListView */,
			);
			path = Screens;
			sourceTree = "<group>";
		};
		0678CEFF2AD5019C004E4E08 /* AppetizerListView */ = {
			isa = PBXGroup;
			children = (
				0678CF0B2AD5048C004E4E08 /* AppetizerDetailView.swift */,
				06D07FD22ACD86880014BE7E /* AppetizerListView.swift */,
				06DA23952AD445CA00A79E76 /* AppetizerListViewModel.swift */,
			);
			path = AppetizerListView;
			sourceTree = "<group>";
		};
		0678CF002AD501A6004E4E08 /* AccountView */ = {
			isa = PBXGroup;
			children = (
				06D07FD42ACD86AD0014BE7E /* AccountView.swift */,
				0678CF122AD5722D004E4E08 /* AccountViewModel.swift */,
			);
			path = AccountView;
			sourceTree = "<group>";
		};
		0678CF012AD501B1004E4E08 /* OrderView */ = {
			isa = PBXGroup;
			children = (
				06D07FD62ACD86BE0014BE7E /* OrderView.swift */,
			);
			path = OrderView;
			sourceTree = "<group>";
		};
		0678CF022AD501DE004E4E08 /* Utilities */ = {
			isa = PBXGroup;
			children = (
				0678CF052AD50205004E4E08 /* Alerts */,
				0678CF042AD501EF004E4E08 /* Extensions */,
				0678CF032AD501E6004E4E08 /* Managers */,
			);
			path = Utilities;
			sourceTree = "<group>";
		};
		0678CF032AD501E6004E4E08 /* Managers */ = {
			isa = PBXGroup;
			children = (
				06DA23912AD43EF300A79E76 /* NetworkManager.swift */,
			);
			path = Managers;
			sourceTree = "<group>";
		};
		0678CF042AD501EF004E4E08 /* Extensions */ = {
			isa = PBXGroup;
			children = (
				06DA239A2AD44C8600A79E76 /* Color+Ext.swift */,
				0678CF142AD57473004E4E08 /* String+Ext.swift */,
			);
			path = Extensions;
			sourceTree = "<group>";
		};
		0678CF052AD50205004E4E08 /* Alerts */ = {
			isa = PBXGroup;
			children = (
				06DA23982AD4482200A79E76 /* Alert.swift */,
				06DA23932AD43FE500A79E76 /* APError.swift */,
			);
			path = Alerts;
			sourceTree = "<group>";
		};
		0678CF062AD50378004E4E08 /* Model */ = {
			isa = PBXGroup;
			children = (
				06DA238D2AD41BE300A79E76 /* AppetizerModel.swift */,
				06CA4C9B2AD6A373001D7706 /* User.swift */,
				06CA4CA42AD6C914001D7706 /* Order.swift */,
			);
			path = Model;
			sourceTree = "<group>";
		};
		0678CF072AD50393004E4E08 /* GlobalViews */ = {
			isa = PBXGroup;
			children = (
				06CA4C9D2AD6C019001D7706 /* EmptyState */,
				0678CF0D2AD51FF2004E4E08 /* Buttons */,
				0678CF0A2AD503CE004E4E08 /* Cells */,
				0678CF092AD503C3004E4E08 /* UIKitComponents */,
				0678CF082AD503BD004E4E08 /* Image */,
			);
			path = GlobalViews;
			sourceTree = "<group>";
		};
		0678CF082AD503BD004E4E08 /* Image */ = {
			isa = PBXGroup;
			children = (
				06DA239E2AD46DCB00A79E76 /* RemoteImage.swift */,
			);
			path = Image;
			sourceTree = "<group>";
		};
		0678CF092AD503C3004E4E08 /* UIKitComponents */ = {
			isa = PBXGroup;
			children = (
				06DA239C2AD44CCB00A79E76 /* LoadingView.swift */,
				06D656732AEFF1C200B363E6 /* LottieView.swift */,
				06D656752AEFF4FB00B363E6 /* circleAvatar.json */,
			);
			path = UIKitComponents;
			sourceTree = "<group>";
		};
		0678CF0A2AD503CE004E4E08 /* Cells */ = {
			isa = PBXGroup;
			children = (
				06DA238F2AD424CC00A79E76 /* AppetizersListCell.swift */,
			);
			path = Cells;
			sourceTree = "<group>";
		};
		0678CF0D2AD51FF2004E4E08 /* Buttons */ = {
			isa = PBXGroup;
			children = (
				0678CF0E2AD5200C004E4E08 /* XDismissButton.swift */,
				0678CF102AD52E7C004E4E08 /* APButton.swift */,
			);
			path = Buttons;
			sourceTree = "<group>";
		};
		06CA4C9D2AD6C019001D7706 /* EmptyState */ = {
			isa = PBXGroup;
			children = (
				06CA4CA02AD6C3F9001D7706 /* EmptyState.swift */,
			);
			path = EmptyState;
			sourceTree = "<group>";
		};
		06D07F9C2ACD853D0014BE7E = {
			isa = PBXGroup;
			children = (
				06D07FA72ACD853D0014BE7E /* Appetizers */,
				06D07FB82ACD85430014BE7E /* AppetizersTests */,
				06D07FC22ACD85430014BE7E /* AppetizersUITests */,
				06D07FA62ACD853D0014BE7E /* Products */,
			);
			sourceTree = "<group>";
		};
		06D07FA62ACD853D0014BE7E /* Products */ = {
			isa = PBXGroup;
			children = (
				06D07FA52ACD853D0014BE7E /* Appetizers.app */,
				06D07FB52ACD85430014BE7E /* AppetizersTests.xctest */,
				06D07FBF2ACD85430014BE7E /* AppetizersUITests.xctest */,
			);
			name = Products;
			sourceTree = "<group>";
		};
		06D07FA72ACD853D0014BE7E /* Appetizers */ = {
			isa = PBXGroup;
			children = (
				0678CF062AD50378004E4E08 /* Model */,
				0678CF022AD501DE004E4E08 /* Utilities */,
				0678CF072AD50393004E4E08 /* GlobalViews */,
				0678CEFE2AD5017B004E4E08 /* Screens */,
				06D07FA82ACD853D0014BE7E /* AppetizersApp.swift */,
				06D07FAC2ACD85430014BE7E /* Assets.xcassets */,
				06D07FAE2ACD85430014BE7E /* Preview Content */,
			);
			path = Appetizers;
			sourceTree = "<group>";
		};
		06D07FAE2ACD85430014BE7E /* Preview Content */ = {
			isa = PBXGroup;
			children = (
				06D07FAF2ACD85430014BE7E /* Preview Assets.xcassets */,
			);
			path = "Preview Content";
			sourceTree = "<group>";
		};
		06D07FB82ACD85430014BE7E /* AppetizersTests */ = {
			isa = PBXGroup;
			children = (
				06D07FB92ACD85430014BE7E /* AppetizersTests.swift */,
			);
			path = AppetizersTests;
			sourceTree = "<group>";
		};
		06D07FC22ACD85430014BE7E /* AppetizersUITests */ = {
			isa = PBXGroup;
			children = (
				06D07FC32ACD85430014BE7E /* AppetizersUITests.swift */,
				06D07FC52ACD85430014BE7E /* AppetizersUITestsLaunchTests.swift */,
			);
			path = AppetizersUITests;
			sourceTree = "<group>";
		};
/* End PBXGroup section */

/* Begin PBXNativeTarget section */
		06D07FA42ACD853D0014BE7E /* Appetizers */ = {
			isa = PBXNativeTarget;
			buildConfigurationList = 06D07FC92ACD85430014BE7E /* Build configuration list for PBXNativeTarget "Appetizers" */;
			buildPhases = (
				06D07FA12ACD853D0014BE7E /* Sources */,
				06D07FA22ACD853D0014BE7E /* Frameworks */,
				06D07FA32ACD853D0014BE7E /* Resources */,
			);
			buildRules = (
			);
			dependencies = (
			);
			name = Appetizers;
			packageProductDependencies = (
				06D656712AEFF11700B363E6 /* Lottie */,
			);
			productName = Appetizers;
			productReference = 06D07FA52ACD853D0014BE7E /* Appetizers.app */;
			productType = "com.apple.product-type.application";
		};
		06D07FB42ACD85430014BE7E /* AppetizersTests */ = {
			isa = PBXNativeTarget;
			buildConfigurationList = 06D07FCC2ACD85430014BE7E /* Build configuration list for PBXNativeTarget "AppetizersTests" */;
			buildPhases = (
				06D07FB12ACD85430014BE7E /* Sources */,
				06D07FB22ACD85430014BE7E /* Frameworks */,
				06D07FB32ACD85430014BE7E /* Resources */,
			);
			buildRules = (
			);
			dependencies = (
				06D07FB72ACD85430014BE7E /* PBXTargetDependency */,
			);
			name = AppetizersTests;
			productName = AppetizersTests;
			productReference = 06D07FB52ACD85430014BE7E /* AppetizersTests.xctest */;
			productType = "com.apple.product-type.bundle.unit-test";
		};
		06D07FBE2ACD85430014BE7E /* AppetizersUITests */ = {
			isa = PBXNativeTarget;
			buildConfigurationList = 06D07FCF2ACD85430014BE7E /* Build configuration list for PBXNativeTarget "AppetizersUITests" */;
			buildPhases = (
				06D07FBB2ACD85430014BE7E /* Sources */,
				06D07FBC2ACD85430014BE7E /* Frameworks */,
				06D07FBD2ACD85430014BE7E /* Resources */,
			);
			buildRules = (
			);
			dependencies = (
				06D07FC12ACD85430014BE7E /* PBXTargetDependency */,
			);
			name = AppetizersUITests;
			productName = AppetizersUITests;
			productReference = 06D07FBF2ACD85430014BE7E /* AppetizersUITests.xctest */;
			productType = "com.apple.product-type.bundle.ui-testing";
		};
/* End PBXNativeTarget section */

/* Begin PBXProject section */
		06D07F9D2ACD853D0014BE7E /* Project object */ = {
			isa = PBXProject;
			attributes = {
				BuildIndependentTargetsInParallel = 1;
				LastSwiftUpdateCheck = 1430;
				LastUpgradeCheck = 1430;
				TargetAttributes = {
					06D07FA42ACD853D0014BE7E = {
						CreatedOnToolsVersion = 14.3.1;
					};
					06D07FB42ACD85430014BE7E = {
						CreatedOnToolsVersion = 14.3.1;
						TestTargetID = 06D07FA42ACD853D0014BE7E;
					};
					06D07FBE2ACD85430014BE7E = {
						CreatedOnToolsVersion = 14.3.1;
						TestTargetID = 06D07FA42ACD853D0014BE7E;
					};
				};
			};
			buildConfigurationList = 06D07FA02ACD853D0014BE7E /* Build configuration list for PBXProject "Appetizers" */;
			compatibilityVersion = "Xcode 14.0";
			developmentRegion = en;
			hasScannedForEncodings = 0;
			knownRegions = (
				en,
				Base,
			);
			mainGroup = 06D07F9C2ACD853D0014BE7E;
			packageReferences = (
				06D656702AEFF11600B363E6 /* XCRemoteSwiftPackageReference "lottie-ios" */,
			);
			productRefGroup = 06D07FA62ACD853D0014BE7E /* Products */;
			projectDirPath = "";
			projectRoot = "";
			targets = (
				06D07FA42ACD853D0014BE7E /* Appetizers */,
				06D07FB42ACD85430014BE7E /* AppetizersTests */,
				06D07FBE2ACD85430014BE7E /* AppetizersUITests */,
			);
		};
/* End PBXProject section */

/* Begin PBXResourcesBuildPhase section */
		06D07FA32ACD853D0014BE7E /* Resources */ = {
			isa = PBXResourcesBuildPhase;
			buildActionMask = 2147483647;
			files = (
				06D656762AEFF4FB00B363E6 /* circleAvatar.json in Resources */,
				06D07FB02ACD85430014BE7E /* Preview Assets.xcassets in Resources */,
				06D07FAD2ACD85430014BE7E /* Assets.xcassets in Resources */,
			);
			runOnlyForDeploymentPostprocessing = 0;
		};
		06D07FB32ACD85430014BE7E /* Resources */ = {
			isa = PBXResourcesBuildPhase;
			buildActionMask = 2147483647;
			files = (
				06D656772AEFF4FB00B363E6 /* circleAvatar.json in Resources */,
			);
			runOnlyForDeploymentPostprocessing = 0;
		};
		06D07FBD2ACD85430014BE7E /* Resources */ = {
			isa = PBXResourcesBuildPhase;
			buildActionMask = 2147483647;
			files = (
				06D656782AEFF4FB00B363E6 /* circleAvatar.json in Resources */,
			);
			runOnlyForDeploymentPostprocessing = 0;
		};
/* End PBXResourcesBuildPhase section */

/* Begin PBXSourcesBuildPhase section */
		06D07FA12ACD853D0014BE7E /* Sources */ = {
			isa = PBXSourcesBuildPhase;
			buildActionMask = 2147483647;
			files = (
				06DA238E2AD41BE300A79E76 /* AppetizerModel.swift in Sources */,
				06D07FD52ACD86AD0014BE7E /* AccountView.swift in Sources */,
				06D07FAB2ACD853D0014BE7E /* AppetizerTabView.swift in Sources */,
				06DA23962AD445CA00A79E76 /* AppetizerListViewModel.swift in Sources */,
				0658B0B02AEFDC0300D7E3A1 /* LoginView.swift in Sources */,
				06CA4CA52AD6C914001D7706 /* Order.swift in Sources */,
				0678CF132AD5722D004E4E08 /* AccountViewModel.swift in Sources */,
				06D07FA92ACD853D0014BE7E /* AppetizersApp.swift in Sources */,
				06DA239B2AD44C8600A79E76 /* Color+Ext.swift in Sources */,
				06DA23922AD43EF300A79E76 /* NetworkManager.swift in Sources */,
				06CA4C9C2AD6A373001D7706 /* User.swift in Sources */,
				06D07FD32ACD86880014BE7E /* AppetizerListView.swift in Sources */,
				06DA23902AD424CC00A79E76 /* AppetizersListCell.swift in Sources */,
				06DA239F2AD46DCB00A79E76 /* RemoteImage.swift in Sources */,
				06DA23992AD4482200A79E76 /* Alert.swift in Sources */,
				06DA23942AD43FE500A79E76 /* APError.swift in Sources */,
				0678CF152AD57473004E4E08 /* String+Ext.swift in Sources */,
				06CA4CA12AD6C3F9001D7706 /* EmptyState.swift in Sources */,
				06DA239D2AD44CCB00A79E76 /* LoadingView.swift in Sources */,
				0678CF112AD52E7C004E4E08 /* APButton.swift in Sources */,
				0678CF0C2AD5048C004E4E08 /* AppetizerDetailView.swift in Sources */,
				06D07FD72ACD86BE0014BE7E /* OrderView.swift in Sources */,
				0678CF0F2AD5200C004E4E08 /* XDismissButton.swift in Sources */,
				06D656742AEFF1C300B363E6 /* LottieView.swift in Sources */,
			);
			runOnlyForDeploymentPostprocessing = 0;
		};
		06D07FB12ACD85430014BE7E /* Sources */ = {
			isa = PBXSourcesBuildPhase;
			buildActionMask = 2147483647;
			files = (
				06D07FBA2ACD85430014BE7E /* AppetizersTests.swift in Sources */,
			);
			runOnlyForDeploymentPostprocessing = 0;
		};
		06D07FBB2ACD85430014BE7E /* Sources */ = {
			isa = PBXSourcesBuildPhase;
			buildActionMask = 2147483647;
			files = (
				06D07FC42ACD85430014BE7E /* AppetizersUITests.swift in Sources */,
				06D07FC62ACD85430014BE7E /* AppetizersUITestsLaunchTests.swift in Sources */,
			);
			runOnlyForDeploymentPostprocessing = 0;
		};
/* End PBXSourcesBuildPhase section */

/* Begin PBXTargetDependency section */
		06D07FB72ACD85430014BE7E /* PBXTargetDependency */ = {
			isa = PBXTargetDependency;
			target = 06D07FA42ACD853D0014BE7E /* Appetizers */;
			targetProxy = 06D07FB62ACD85430014BE7E /* PBXContainerItemProxy */;
		};
		06D07FC12ACD85430014BE7E /* PBXTargetDependency */ = {
			isa = PBXTargetDependency;
			target = 06D07FA42ACD853D0014BE7E /* Appetizers */;
			targetProxy = 06D07FC02ACD85430014BE7E /* PBXContainerItemProxy */;
		};
/* End PBXTargetDependency section */

/* Begin XCBuildConfiguration section */
		06D07FC72ACD85430014BE7E /* Debug */ = {
			isa = XCBuildConfiguration;
			buildSettings = {
				ALWAYS_SEARCH_USER_PATHS = NO;
				CLANG_ANALYZER_NONNULL = YES;
				CLANG_ANALYZER_NUMBER_OBJECT_CONVERSION = YES_AGGRESSIVE;
				CLANG_CXX_LANGUAGE_STANDARD = "gnu++20";
				CLANG_ENABLE_MODULES = YES;
				CLANG_ENABLE_OBJC_ARC = YES;
				CLANG_ENABLE_OBJC_WEAK = YES;
				CLANG_WARN_BLOCK_CAPTURE_AUTORELEASING = YES;
				CLANG_WARN_BOOL_CONVERSION = YES;
				CLANG_WARN_COMMA = YES;
				CLANG_WARN_CONSTANT_CONVERSION = YES;
				CLANG_WARN_DEPRECATED_OBJC_IMPLEMENTATIONS = YES;
				CLANG_WARN_DIRECT_OBJC_ISA_USAGE = YES_ERROR;
				CLANG_WARN_DOCUMENTATION_COMMENTS = YES;
				CLANG_WARN_EMPTY_BODY = YES;
				CLANG_WARN_ENUM_CONVERSION = YES;
				CLANG_WARN_INFINITE_RECURSION = YES;
				CLANG_WARN_INT_CONVERSION = YES;
				CLANG_WARN_NON_LITERAL_NULL_CONVERSION = YES;
				CLANG_WARN_OBJC_IMPLICIT_RETAIN_SELF = YES;
				CLANG_WARN_OBJC_LITERAL_CONVERSION = YES;
				CLANG_WARN_OBJC_ROOT_CLASS = YES_ERROR;
				CLANG_WARN_QUOTED_INCLUDE_IN_FRAMEWORK_HEADER = YES;
				CLANG_WARN_RANGE_LOOP_ANALYSIS = YES;
				CLANG_WARN_STRICT_PROTOTYPES = YES;
				CLANG_WARN_SUSPICIOUS_MOVE = YES;
				CLANG_WARN_UNGUARDED_AVAILABILITY = YES_AGGRESSIVE;
				CLANG_WARN_UNREACHABLE_CODE = YES;
				CLANG_WARN__DUPLICATE_METHOD_MATCH = YES;
				COPY_PHASE_STRIP = NO;
				DEBUG_INFORMATION_FORMAT = dwarf;
				ENABLE_STRICT_OBJC_MSGSEND = YES;
				ENABLE_TESTABILITY = YES;
				GCC_C_LANGUAGE_STANDARD = gnu11;
				GCC_DYNAMIC_NO_PIC = NO;
				GCC_NO_COMMON_BLOCKS = YES;
				GCC_OPTIMIZATION_LEVEL = 0;
				GCC_PREPROCESSOR_DEFINITIONS = (
					"DEBUG=1",
					"$(inherited)",
				);
				GCC_WARN_64_TO_32_BIT_CONVERSION = YES;
				GCC_WARN_ABOUT_RETURN_TYPE = YES_ERROR;
				GCC_WARN_UNDECLARED_SELECTOR = YES;
				GCC_WARN_UNINITIALIZED_AUTOS = YES_AGGRESSIVE;
				GCC_WARN_UNUSED_FUNCTION = YES;
				GCC_WARN_UNUSED_VARIABLE = YES;
				IPHONEOS_DEPLOYMENT_TARGET = 16.4;
				MTL_ENABLE_DEBUG_INFO = INCLUDE_SOURCE;
				MTL_FAST_MATH = YES;
				ONLY_ACTIVE_ARCH = YES;
				SDKROOT = iphoneos;
				SWIFT_ACTIVE_COMPILATION_CONDITIONS = DEBUG;
				SWIFT_OPTIMIZATION_LEVEL = "-Onone";
			};
			name = Debug;
		};
		06D07FC82ACD85430014BE7E /* Release */ = {
			isa = XCBuildConfiguration;
			buildSettings = {
				ALWAYS_SEARCH_USER_PATHS = NO;
				CLANG_ANALYZER_NONNULL = YES;
				CLANG_ANALYZER_NUMBER_OBJECT_CONVERSION = YES_AGGRESSIVE;
				CLANG_CXX_LANGUAGE_STANDARD = "gnu++20";
				CLANG_ENABLE_MODULES = YES;
				CLANG_ENABLE_OBJC_ARC = YES;
				CLANG_ENABLE_OBJC_WEAK = YES;
				CLANG_WARN_BLOCK_CAPTURE_AUTORELEASING = YES;
				CLANG_WARN_BOOL_CONVERSION = YES;
				CLANG_WARN_COMMA = YES;
				CLANG_WARN_CONSTANT_CONVERSION = YES;
				CLANG_WARN_DEPRECATED_OBJC_IMPLEMENTATIONS = YES;
				CLANG_WARN_DIRECT_OBJC_ISA_USAGE = YES_ERROR;
				CLANG_WARN_DOCUMENTATION_COMMENTS = YES;
				CLANG_WARN_EMPTY_BODY = YES;
				CLANG_WARN_ENUM_CONVERSION = YES;
				CLANG_WARN_INFINITE_RECURSION = YES;
				CLANG_WARN_INT_CONVERSION = YES;
				CLANG_WARN_NON_LITERAL_NULL_CONVERSION = YES;
				CLANG_WARN_OBJC_IMPLICIT_RETAIN_SELF = YES;
				CLANG_WARN_OBJC_LITERAL_CONVERSION = YES;
				CLANG_WARN_OBJC_ROOT_CLASS = YES_ERROR;
				CLANG_WARN_QUOTED_INCLUDE_IN_FRAMEWORK_HEADER = YES;
				CLANG_WARN_RANGE_LOOP_ANALYSIS = YES;
				CLANG_WARN_STRICT_PROTOTYPES = YES;
				CLANG_WARN_SUSPICIOUS_MOVE = YES;
				CLANG_WARN_UNGUARDED_AVAILABILITY = YES_AGGRESSIVE;
				CLANG_WARN_UNREACHABLE_CODE = YES;
				CLANG_WARN__DUPLICATE_METHOD_MATCH = YES;
				COPY_PHASE_STRIP = NO;
				DEBUG_INFORMATION_FORMAT = "dwarf-with-dsym";
				ENABLE_NS_ASSERTIONS = NO;
				ENABLE_STRICT_OBJC_MSGSEND = YES;
				GCC_C_LANGUAGE_STANDARD = gnu11;
				GCC_NO_COMMON_BLOCKS = YES;
				GCC_WARN_64_TO_32_BIT_CONVERSION = YES;
				GCC_WARN_ABOUT_RETURN_TYPE = YES_ERROR;
				GCC_WARN_UNDECLARED_SELECTOR = YES;
				GCC_WARN_UNINITIALIZED_AUTOS = YES_AGGRESSIVE;
				GCC_WARN_UNUSED_FUNCTION = YES;
				GCC_WARN_UNUSED_VARIABLE = YES;
				IPHONEOS_DEPLOYMENT_TARGET = 16.4;
				MTL_ENABLE_DEBUG_INFO = NO;
				MTL_FAST_MATH = YES;
				SDKROOT = iphoneos;
				SWIFT_COMPILATION_MODE = wholemodule;
				SWIFT_OPTIMIZATION_LEVEL = "-O";
				VALIDATE_PRODUCT = YES;
			};
			name = Release;
		};
		06D07FCA2ACD85430014BE7E /* Debug */ = {
			isa = XCBuildConfiguration;
			buildSettings = {
				ASSETCATALOG_COMPILER_APPICON_NAME = AppIcon;
				ASSETCATALOG_COMPILER_GLOBAL_ACCENT_COLOR_NAME = AccentColor;
				CODE_SIGN_STYLE = Automatic;
				CURRENT_PROJECT_VERSION = 1;
				DEVELOPMENT_ASSET_PATHS = "\"Appetizers/Preview Content\"";
				ENABLE_PREVIEWS = YES;
				GENERATE_INFOPLIST_FILE = YES;
				INFOPLIST_KEY_UIApplicationSceneManifest_Generation = YES;
				INFOPLIST_KEY_UIApplicationSupportsIndirectInputEvents = YES;
				INFOPLIST_KEY_UILaunchScreen_Generation = YES;
				INFOPLIST_KEY_UISupportedInterfaceOrientations_iPad = "UIInterfaceOrientationPortrait UIInterfaceOrientationPortraitUpsideDown UIInterfaceOrientationLandscapeLeft UIInterfaceOrientationLandscapeRight";
				INFOPLIST_KEY_UISupportedInterfaceOrientations_iPhone = "UIInterfaceOrientationPortrait UIInterfaceOrientationLandscapeLeft UIInterfaceOrientationLandscapeRight";
				LD_RUNPATH_SEARCH_PATHS = (
					"$(inherited)",
					"@executable_path/Frameworks",
				);
				MARKETING_VERSION = 1.0;
				PRODUCT_BUNDLE_IDENTIFIER = Gunin.Hono.AI.Appetizers;
				PRODUCT_NAME = "$(TARGET_NAME)";
				SWIFT_EMIT_LOC_STRINGS = YES;
				SWIFT_VERSION = 5.0;
				TARGETED_DEVICE_FAMILY = "1,2";
			};
			name = Debug;
		};
		06D07FCB2ACD85430014BE7E /* Release */ = {
			isa = XCBuildConfiguration;
			buildSettings = {
				ASSETCATALOG_COMPILER_APPICON_NAME = AppIcon;
				ASSETCATALOG_COMPILER_GLOBAL_ACCENT_COLOR_NAME = AccentColor;
				CODE_SIGN_STYLE = Automatic;
				CURRENT_PROJECT_VERSION = 1;
				DEVELOPMENT_ASSET_PATHS = "\"Appetizers/Preview Content\"";
				ENABLE_PREVIEWS = YES;
				GENERATE_INFOPLIST_FILE = YES;
				INFOPLIST_KEY_UIApplicationSceneManifest_Generation = YES;
				INFOPLIST_KEY_UIApplicationSupportsIndirectInputEvents = YES;
				INFOPLIST_KEY_UILaunchScreen_Generation = YES;
				INFOPLIST_KEY_UISupportedInterfaceOrientations_iPad = "UIInterfaceOrientationPortrait UIInterfaceOrientationPortraitUpsideDown UIInterfaceOrientationLandscapeLeft UIInterfaceOrientationLandscapeRight";
				INFOPLIST_KEY_UISupportedInterfaceOrientations_iPhone = "UIInterfaceOrientationPortrait UIInterfaceOrientationLandscapeLeft UIInterfaceOrientationLandscapeRight";
				LD_RUNPATH_SEARCH_PATHS = (
					"$(inherited)",
					"@executable_path/Frameworks",
				);
				MARKETING_VERSION = 1.0;
				PRODUCT_BUNDLE_IDENTIFIER = Gunin.Hono.AI.Appetizers;
				PRODUCT_NAME = "$(TARGET_NAME)";
				SWIFT_EMIT_LOC_STRINGS = YES;
				SWIFT_VERSION = 5.0;
				TARGETED_DEVICE_FAMILY = "1,2";
			};
			name = Release;
		};
		06D07FCD2ACD85430014BE7E /* Debug */ = {
			isa = XCBuildConfiguration;
			buildSettings = {
				ALWAYS_EMBED_SWIFT_STANDARD_LIBRARIES = YES;
				BUNDLE_LOADER = "$(TEST_HOST)";
				CODE_SIGN_STYLE = Automatic;
				CURRENT_PROJECT_VERSION = 1;
				GENERATE_INFOPLIST_FILE = YES;
				IPHONEOS_DEPLOYMENT_TARGET = 16.4;
				MARKETING_VERSION = 1.0;
				PRODUCT_BUNDLE_IDENTIFIER = Gunin.Hono.AI.AppetizersTests;
				PRODUCT_NAME = "$(TARGET_NAME)";
				SWIFT_EMIT_LOC_STRINGS = NO;
				SWIFT_VERSION = 5.0;
				TARGETED_DEVICE_FAMILY = "1,2";
				TEST_HOST = "$(BUILT_PRODUCTS_DIR)/Appetizers.app/$(BUNDLE_EXECUTABLE_FOLDER_PATH)/Appetizers";
			};
			name = Debug;
		};
		06D07FCE2ACD85430014BE7E /* Release */ = {
			isa = XCBuildConfiguration;
			buildSettings = {
				ALWAYS_EMBED_SWIFT_STANDARD_LIBRARIES = YES;
				BUNDLE_LOADER = "$(TEST_HOST)";
				CODE_SIGN_STYLE = Automatic;
				CURRENT_PROJECT_VERSION = 1;
				GENERATE_INFOPLIST_FILE = YES;
				IPHONEOS_DEPLOYMENT_TARGET = 16.4;
				MARKETING_VERSION = 1.0;
				PRODUCT_BUNDLE_IDENTIFIER = Gunin.Hono.AI.AppetizersTests;
				PRODUCT_NAME = "$(TARGET_NAME)";
				SWIFT_EMIT_LOC_STRINGS = NO;
				SWIFT_VERSION = 5.0;
				TARGETED_DEVICE_FAMILY = "1,2";
				TEST_HOST = "$(BUILT_PRODUCTS_DIR)/Appetizers.app/$(BUNDLE_EXECUTABLE_FOLDER_PATH)/Appetizers";
			};
			name = Release;
		};
		06D07FD02ACD85430014BE7E /* Debug */ = {
			isa = XCBuildConfiguration;
			buildSettings = {
				ALWAYS_EMBED_SWIFT_STANDARD_LIBRARIES = YES;
				CODE_SIGN_STYLE = Automatic;
				CURRENT_PROJECT_VERSION = 1;
				GENERATE_INFOPLIST_FILE = YES;
				MARKETING_VERSION = 1.0;
				PRODUCT_BUNDLE_IDENTIFIER = Gunin.Hono.AI.AppetizersUITests;
				PRODUCT_NAME = "$(TARGET_NAME)";
				SWIFT_EMIT_LOC_STRINGS = NO;
				SWIFT_VERSION = 5.0;
				TARGETED_DEVICE_FAMILY = "1,2";
				TEST_TARGET_NAME = Appetizers;
			};
			name = Debug;
		};
		06D07FD12ACD85430014BE7E /* Release */ = {
			isa = XCBuildConfiguration;
			buildSettings = {
				ALWAYS_EMBED_SWIFT_STANDARD_LIBRARIES = YES;
				CODE_SIGN_STYLE = Automatic;
				CURRENT_PROJECT_VERSION = 1;
				GENERATE_INFOPLIST_FILE = YES;
				MARKETING_VERSION = 1.0;
				PRODUCT_BUNDLE_IDENTIFIER = Gunin.Hono.AI.AppetizersUITests;
				PRODUCT_NAME = "$(TARGET_NAME)";
				SWIFT_EMIT_LOC_STRINGS = NO;
				SWIFT_VERSION = 5.0;
				TARGETED_DEVICE_FAMILY = "1,2";
				TEST_TARGET_NAME = Appetizers;
			};
			name = Release;
		};
/* End XCBuildConfiguration section */

/* Begin XCConfigurationList section */
		06D07FA02ACD853D0014BE7E /* Build configuration list for PBXProject "Appetizers" */ = {
			isa = XCConfigurationList;
			buildConfigurations = (
				06D07FC72ACD85430014BE7E /* Debug */,
				06D07FC82ACD85430014BE7E /* Release */,
			);
			defaultConfigurationIsVisible = 0;
			defaultConfigurationName = Release;
		};
		06D07FC92ACD85430014BE7E /* Build configuration list for PBXNativeTarget "Appetizers" */ = {
			isa = XCConfigurationList;
			buildConfigurations = (
				06D07FCA2ACD85430014BE7E /* Debug */,
				06D07FCB2ACD85430014BE7E /* Release */,
			);
			defaultConfigurationIsVisible = 0;
			defaultConfigurationName = Release;
		};
		06D07FCC2ACD85430014BE7E /* Build configuration list for PBXNativeTarget "AppetizersTests" */ = {
			isa = XCConfigurationList;
			buildConfigurations = (
				06D07FCD2ACD85430014BE7E /* Debug */,
				06D07FCE2ACD85430014BE7E /* Release */,
			);
			defaultConfigurationIsVisible = 0;
			defaultConfigurationName = Release;
		};
		06D07FCF2ACD85430014BE7E /* Build configuration list for PBXNativeTarget "AppetizersUITests" */ = {
			isa = XCConfigurationList;
			buildConfigurations = (
				06D07FD02ACD85430014BE7E /* Debug */,
				06D07FD12ACD85430014BE7E /* Release */,
			);
			defaultConfigurationIsVisible = 0;
			defaultConfigurationName = Release;
		};
/* End XCConfigurationList section */

/* Begin XCRemoteSwiftPackageReference section */
		06D656702AEFF11600B363E6 /* XCRemoteSwiftPackageReference "lottie-ios" */ = {
			isa = XCRemoteSwiftPackageReference;
			repositoryURL = "https://github.com/airbnb/lottie-ios.git";
			requirement = {
				kind = upToNextMajorVersion;
				minimumVersion = 4.0.0;
			};
		};
/* End XCRemoteSwiftPackageReference section */

/* Begin XCSwiftPackageProductDependency section */
		06D656712AEFF11700B363E6 /* Lottie */ = {
			isa = XCSwiftPackageProductDependency;
			package = 06D656702AEFF11600B363E6 /* XCRemoteSwiftPackageReference "lottie-ios" */;
			productName = Lottie;
		};
/* End XCSwiftPackageProductDependency section */
	};
	rootObject = 06D07F9D2ACD853D0014BE7E /* Project object */;
}
